{
  "name": "agentbridge",
  "version": "0.4.0",
  "lockfileVersion": 3,
  "requires": true,
  "packages": {
    "": {
      "name": "agentbridge",
      "version": "0.4.0",
      "workspaces": [
        "packages/*",
        "tests"
      ],
      "devDependencies": {
        "esbuild": "^0.21.5"
      },
      "engines": {
        "node": ">=22.13"
      }
    },
    "node_modules/@agentbridge/audit": {
      "resolved": "packages/audit",
      "link": true
    },
    "node_modules/@agentbridge/cli": {
      "resolved": "packages/cli",
      "link": true
    },
    "node_modules/@agentbridge/collaboration": {
      "resolved": "packages/collaboration",
      "link": true
    },
    "node_modules/@agentbridge/connectors": {
      "resolved": "packages/connectors",
      "link": true
    },
    "node_modules/@agentbridge/mcp": {
      "resolved": "packages/mcp",
      "link": true
    },
    "node_modules/@agentbridge/protocol": {
      "resolved": "packages/protocol",
      "link": true
    },
    "node_modules/@agentbridge/storage": {
      "resolved": "packages/storage",
      "link": true
    },
    "node_modules/@agentbridge/tests": {
      "resolved": "tests",
      "link": true
    },
    "node_modules/@esbuild/aix-ppc64": {
      "version": "0.21.5",
      "resolved": "https://registry.npmjs.org/@esbuild/aix-ppc64/-/aix-ppc64-0.21.5.tgz",
      "integrity": "sha512-1SDgH6ZSPTlggy1yI6+Dbkiz8xzpHJEVAlF/AM1tHPLsf5STom9rwtjE4hKAF20FfXXNTFqEYXyJNWh1GiZedQ==",
      "cpu": [
        "ppc64"
      ],
      "dev": true,
      "license": "MIT",
      "optional": true,
      "os": [
        "aix"
      ],
      "engines": {
        "node": ">=12"
      }
    },
    "node_modules/@esbuild/android-arm": {
      "version": "0.21.5",
      "resolved": "https://registry.npmjs.org/@esbuild/android-arm/-/android-arm-0.21.5.tgz",
      "integrity": "sha512-vCPvzSjpPHEi1siZdlvAlsPxXl7WbOVUBBAowWug4rJHb68Ox8KualB+1ocNvT5fjv6wpkX6o/iEpbDrf68zcg==",
      "cpu": [
        "arm"
      ],
      "dev": true,
      "license": "MIT",
      "optional": true,
      "os": [
        "android"
      ],
      "engines": {
        "node": ">=12"
      }
    },
    "node_modules/@esbuild/android-arm64": {
      "version": "0.21.5",
      "resolved": "https://registry.npmjs.org/@esbuild/android-arm64/-/android-arm64-0.21.5.tgz",
      "integrity": "sha512-c0uX9VAUBQ7dTDCjq+wdyGLowMdtR/GoC2U5IYk/7D1H1JYC0qseD7+11iMP2mRLN9RcCMRcjC4YMclCzGwS/A==",
      "cpu": [
        "arm64"
      ],
      "dev": true,
      "license": "MIT",
      "optional": true,
      "os": [
        "android"
      ],
      "engines": {
        "node": ">=12"
      }
    },
    "node_modules/@esbuild/android-x64": {
      "version": "0.21.5",
      "resolved": "https://registry.npmjs.org/@esbuild/android-x64/-/android-x64-0.21.5.tgz",
      "integrity": "sha512-D7aPRUUNHRBwHxzxRvp856rjUHRFW1SdQATKXH2hqA0kAZb1hKmi02OpYRacl0TxIGz/ZmXWlbZgjwWYaCakTA==",
      "cpu": [
        "x64"
      ],
      "dev": true,
      "license": "MIT",
      "optional": true,
      "os": [
        "android"
      ],
      "engines": {
        "node": ">=12"
      }
    },
    "node_modules/@esbuild/darwin-arm64": {
      "version": "0.21.5",
      "resolved": "https://registry.npmjs.org/@esbuild/darwin-arm64/-/darwin-arm64-0.21.5.tgz",
      "integrity": "sha512-DwqXqZyuk5AiWWf3UfLiRDJ5EDd49zg6O9wclZ7kUMv2WRFr4HKjXp/5t8JZ11QbQfUS6/cRCKGwYhtNAY88kQ==",
      "cpu": [
        "arm64"
      ],
      "dev": true,
      "license": "MIT",
      "optional": true,
      "os": [
        "darwin"
      ],
      "engines": {
        "node": ">=12"
      }
    },
    "node_modules/@esbuild/darwin-x64": {
      "version": "0.21.5",
      "resolved": "https://registry.npmjs.org/@esbuild/darwin-x64/-/darwin-x64-0.21.5.tgz",
      "integrity": "sha512-se/JjF8NlmKVG4kNIuyWMV/22ZaerB+qaSi5MdrXtd6R08kvs2qCN4C09miupktDitvh8jRFflwGFBQcxZRjbw==",
      "cpu": [
        "x64"
      ],
      "dev": true,
      "license": "MIT",
      "optional": true,
      "os": [
        "darwin"
      ],
      "engines": {
        "node": ">=12"
      }
    },
    "node_modules/@esbuild/freebsd-arm64": {
      "version": "0.21.5",
      "resolved": "https://registry.npmjs.org/@esbuild/freebsd-arm64/-/freebsd-arm64-0.21.5.tgz",
      "integrity": "sha512-5JcRxxRDUJLX8JXp/wcBCy3pENnCgBR9bN6JsY4OmhfUtIHe3ZW0mawA7+RDAcMLrMIZaf03NlQiX9DGyB8h4g==",
      "cpu": [
        "arm64"
      ],
      "dev": true,
      "license": "MIT",
      "optional": true,
      "os": [
        "freebsd"
      ],
      "engines": {
        "node": ">=12"
      }
    },
    "node_modules/@esbuild/freebsd-x64": {
      "version": "0.21.5",
      "resolved": "https://registry.npmjs.org/@esbuild/freebsd-x64/-/freebsd-x64-0.21.5.tgz",
      "integrity": "sha512-J95kNBj1zkbMXtHVH29bBriQygMXqoVQOQYA+ISs0/2l3T9/kj42ow2mpqerRBxDJnmkUDCaQT/dfNXWX/ZZCQ==",
      "cpu": [
        "x64"
      ],
      "dev": true,
      "license": "MIT",
      "optional": true,
      "os": [
        "freebsd"
      ],
      "engines": {
        "node": ">=12"
      }
    },
    "node_modules/@esbuild/linux-arm": {
      "version": "0.21.5",
      "resolved": "https://registry.npmjs.org/@esbuild/linux-arm/-/linux-arm-0.21.5.tgz",
      "integrity": "sha512-bPb5AHZtbeNGjCKVZ9UGqGwo8EUu4cLq68E95A53KlxAPRmUyYv2D6F0uUI65XisGOL1hBP5mTronbgo+0bFcA==",
      "cpu": [
        "arm"
      ],
      "dev": true,
      "license": "MIT",
      "optional": true,
      "os": [
        "linux"
      ],
      "engines": {
        "node": ">=12"
      }
    },
    "node_modules/@esbuild/linux-arm64": {
      "version": "0.21.5",
      "resolved": "https://registry.npmjs.org/@esbuild/linux-arm64/-/linux-arm64-0.21.5.tgz",
      "integrity": "sha512-ibKvmyYzKsBeX8d8I7MH/TMfWDXBF3db4qM6sy+7re0YXya+K1cem3on9XgdT2EQGMu4hQyZhan7TeQ8XkGp4Q==",
      "cpu": [
        "arm64"
      ],
      "dev": true,
      "license": "MIT",
      "optional": true,
      "os": [
        "linux"
      ],
      "engines": {
        "node": ">=12"
      }
    },
    "node_modules/@esbuild/linux-ia32": {
      "version": "0.21.5",
      "resolved": "https://registry.npmjs.org/@esbuild/linux-ia32/-/linux-ia32-0.21.5.tgz",
      "integrity": "sha512-YvjXDqLRqPDl2dvRODYmmhz4rPeVKYvppfGYKSNGdyZkA01046pLWyRKKI3ax8fbJoK5QbxblURkwK/MWY18Tg==",
      "cpu": [
        "ia32"
      ],
      "dev": true,
      "license": "MIT",
      "optional": true,
      "os": [
        "linux"
      ],
      "engines": {
        "node": ">=12"
      }
    },
    "node_modules/@esbuild/linux-loong64": {
      "version": "0.21.5",
      "resolved": "https://registry.npmjs.org/@esbuild/linux-loong64/-/linux-loong64-0.21.5.tgz",
      "integrity": "sha512-uHf1BmMG8qEvzdrzAqg2SIG/02+4/DHB6a9Kbya0XDvwDEKCoC8ZRWI5JJvNdUjtciBGFQ5PuBlpEOXQj+JQSg==",
      "cpu": [
        "loong64"
      ],
      "dev": true,
      "license": "MIT",
      "optional": true,
      "os": [
        "linux"
      ],
      "engines": {
        "node": ">=12"
      }
    },
    "node_modules/@esbuild/linux-mips64el": {
      "version": "0.21.5",
      "resolved": "https://registry.npmjs.org/@esbuild/linux-mips64el/-/linux-mips64el-0.21.5.tgz",
      "integrity": "sha512-IajOmO+KJK23bj52dFSNCMsz1QP1DqM6cwLUv3W1QwyxkyIWecfafnI555fvSGqEKwjMXVLokcV5ygHW5b3Jbg==",
      "cpu": [
        "mips64el"
      ],
      "dev": true,
      "license": "MIT",
      "optional": true,
      "os": [
        "linux"
      ],
      "engines": {
        "node": ">=12"
      }
    },
    "node_modules/@esbuild/linux-ppc64": {
      "version": "0.21.5",
      "resolved": "https://registry.npmjs.org/@esbuild/linux-ppc64/-/linux-ppc64-0.21.5.tgz",
      "integrity": "sha512-1hHV/Z4OEfMwpLO8rp7CvlhBDnjsC3CttJXIhBi+5Aj5r+MBvy4egg7wCbe//hSsT+RvDAG7s81tAvpL2XAE4w==",
      "cpu": [
        "ppc64"
      ],
      "dev": true,
      "license": "MIT",
      "optional": true,
      "os": [
        "linux"
      ],
      "engines": {
        "node": ">=12"
      }
    },
    "node_modules/@esbuild/linux-riscv64": {
      "version": "0.21.5",
      "resolved": "https://registry.npmjs.org/@esbuild/linux-riscv64/-/linux-riscv64-0.21.5.tgz",
      "integrity": "sha512-2HdXDMd9GMgTGrPWnJzP2ALSokE/0O5HhTUvWIbD3YdjME8JwvSCnNGBnTThKGEB91OZhzrJ4qIIxk/SBmyDDA==",
      "cpu": [
        "riscv64"
      ],
      "dev": true,
      "license": "MIT",
      "optional": true,
      "os": [
        "linux"
      ],
      "engines": {
        "node": ">=12"
      }
    },
    "node_modules/@esbuild/linux-s390x": {
      "version": "0.21.5",
      "resolved": "https://registry.npmjs.org/@esbuild/linux-s390x/-/linux-s390x-0.21.5.tgz",
      "integrity": "sha512-zus5sxzqBJD3eXxwvjN1yQkRepANgxE9lgOW2qLnmr8ikMTphkjgXu1HR01K4FJg8h1kEEDAqDcZQtbrRnB41A==",
      "cpu": [
        "s390x"
      ],
      "dev": true,
      "license": "MIT",
      "optional": true,
      "os": [
        "linux"
      ],
      "engines": {
        "node": ">=12"
      }
    },
    "node_modules/@esbuild/linux-x64": {
      "version": "0.21.5",
      "resolved": "https://registry.npmjs.org/@esbuild/linux-x64/-/linux-x64-0.21.5.tgz",
      "integrity": "sha512-1rYdTpyv03iycF1+BhzrzQJCdOuAOtaqHTWJZCWvijKD2N5Xu0TtVC8/+1faWqcP9iBCWOmjmhoH94dH82BxPQ==",
      "cpu": [
        "x64"
      ],
      "dev": true,
      "license": "MIT",
      "optional": true,
      "os": [
        "linux"
      ],
      "engines": {
        "node": ">=12"
      }
    },
    "node_modules/@esbuild/netbsd-x64": {
      "version": "0.21.5",
      "resolved": "https://registry.npmjs.org/@esbuild/netbsd-x64/-/netbsd-x64-0.21.5.tgz",
      "integrity": "sha512-Woi2MXzXjMULccIwMnLciyZH4nCIMpWQAs049KEeMvOcNADVxo0UBIQPfSmxB3CWKedngg7sWZdLvLczpe0tLg==",
      "cpu": [
        "x64"
      ],
      "dev": true,
      "license": "MIT",
      "optional": true,
      "os": [
        "netbsd"
      ],
      "engines": {
        "node": ">=12"
      }
    },
    "node_modules/@esbuild/openbsd-x64": {
      "version": "0.21.5",
      "resolved": "https://registry.npmjs.org/@esbuild/openbsd-x64/-/openbsd-x64-0.21.5.tgz",
      "integrity": "sha512-HLNNw99xsvx12lFBUwoT8EVCsSvRNDVxNpjZ7bPn947b8gJPzeHWyNVhFsaerc0n3TsbOINvRP2byTZ5LKezow==",
      "cpu": [
        "x64"
      ],
      "dev": true,
      "license": "MIT",
      "optional": true,
      "os": [
        "openbsd"
      ],
      "engines": {
        "node": ">=12"
      }
    },
    "node_modules/@esbuild/sunos-x64": {
      "version": "0.21.5",
      "resolved": "https://registry.npmjs.org/@esbuild/sunos-x64/-/sunos-x64-0.21.5.tgz",
      "integrity": "sha512-6+gjmFpfy0BHU5Tpptkuh8+uw3mnrvgs+dSPQXQOv3ekbordwnzTVEb4qnIvQcYXq6gzkyTnoZ9dZG+D4garKg==",
      "cpu": [
        "x64"
      ],
      "dev": true,
      "license": "MIT",
      "optional": true,
      "os": [
        "sunos"
      ],
      "engines": {
        "node": ">=12"
      }
    },
    "node_modules/@esbuild/win32-arm64": {
      "version": "0.21.5",
      "resolved": "https://registry.npmjs.org/@esbuild/win32-arm64/-/win32-arm64-0.21.5.tgz",
      "integrity": "sha512-Z0gOTd75VvXqyq7nsl93zwahcTROgqvuAcYDUr+vOv8uHhNSKROyU961kgtCD1e95IqPKSQKH7tBTslnS3tA8A==",
      "cpu": [
        "arm64"
      ],
      "dev": true,
      "license": "MIT",
      "optional": true,
      "os": [
        "win32"
      ],
      "engines": {
        "node": ">=12"
      }
    },
    "node_modules/@esbuild/win32-ia32": {
      "version": "0.21.5",
      "resolved": "https://registry.npmjs.org/@esbuild/win32-ia32/-/win32-ia32-0.21.5.tgz",
      "integrity": "sha512-SWXFF1CL2RVNMaVs+BBClwtfZSvDgtL//G/smwAc5oVK/UPu2Gu9tIaRgFmYFFKrmg3SyAjSrElf0TiJ1v8fYA==",
      "cpu": [
        "ia32"
      ],
      "dev": true,
      "license": "MIT",
      "optional": true,
      "os": [
        "win32"
      ],
      "engines": {
        "node": ">=12"
      }
    },
    "node_modules/@esbuild/win32-x64": {
      "version": "0.21.5",
      "resolved": "https://registry.npmjs.org/@esbuild/win32-x64/-/win32-x64-0.21.5.tgz",
      "integrity": "sha512-tQd/1efJuzPC6rCFwEvLtci/xNFcTZknmXs98FYDfGE4wP9ClFV98nyKrzJKVPMhdDnjzLhdUyMX4PsQAPjwIw==",
      "cpu": [
        "x64"
      ],
      "dev": true,
      "license": "MIT",
      "optional": true,
      "os": [
        "win32"
      ],
      "engines": {
        "node": ">=12"
      }
    },
    "node_modules/@hono/node-server": {
      "version": "2.1.0",
      "resolved": "https://registry.npmjs.org/@hono/node-server/-/node-server-2.1.0.tgz",
      "integrity": "sha512-XovyyCCnBzW+zKu+z/zq8hwNs4KOR5rEMAOxo2f40Q5xoOI37IMm6MIg2COOUtUApo0i6850MTBKH2u4QLGIqg==",
      "license": "MIT",
      "engines": {
        "node": ">=20"
      },
      "peerDependencies": {
        "hono": "^4"
      }
    },
    "node_modules/@jest/schemas": {
      "version": "29.6.3",
      "resolved": "https://registry.npmjs.org/@jest/schemas/-/schemas-29.6.3.tgz",
      "integrity": "sha512-mo5j5X+jIZmJQveBKeS/clAueipV7KgiX1vMgCxam1RNYiqE1w62n0/tJJnHtjW8ZHcQco5gY85jA3mi0L+nSA==",
      "dev": true,
      "license": "MIT",
      "dependencies": {
        "@sinclair/typebox": "^0.27.8"
      },
      "engines": {
        "node": "^14.15.0 || ^16.10.0 || >=18.0.0"
      }
    },
    "node_modules/@jridgewell/sourcemap-codec": {
      "version": "1.5.5",
      "resolved": "https://registry.npmjs.org/@jridgewell/sourcemap-codec/-/sourcemap-codec-1.5.5.tgz",
      "integrity": "sha512-cYQ9310grqxueWbl+WuIUIaiUaDcj7WOq5fVhEljNVgRfOUhY9fy2zTvfoqWsnebh8Sl70VScFbICvJnLKB0Og==",
      "dev": true,
      "license": "MIT"
    },
    "node_modules/@modelcontextprotocol/sdk": {
      "version": "1.30.0",
      "resolved": "https://registry.npmjs.org/@modelcontextprotocol/sdk/-/sdk-1.30.0.tgz",
      "integrity": "sha512-xKd8OIzlqNzcqcNumGAa6g+PW2kjD5vrpcKOnfldAUPP3j7lnqMPwlTXQm8gF+UwH72z0lqaRbjr9hqGz0eITA==",
      "license": "MIT",
      "dependencies": {
        "@hono/node-server": "^1.19.9 || ^2.0.5",
        "ajv": "^8.17.1",
        "ajv-formats": "^3.0.1",
        "content-type": "^1.0.5",
        "cors": "^2.8.5",
        "cross-spawn": "^7.0.5",
        "eventsource": "^3.0.2",
        "eventsource-parser": "^3.0.0",
        "express": "^5.2.1",
        "express-rate-limit": "^8.2.1",
        "hono": "^4.11.4",
        "jose": "^6.1.3",
        "json-schema-typed": "^8.0.2",
        "pkce-challenge": "^5.0.0",
        "raw-body": "^3.0.0",
        "zod": "^3.25 || ^4.0",
        "zod-to-json-schema": "^3.25.1"
      },
      "engines": {
        "node": ">=18"
      },
      "peerDependencies": {
        "@cfworker/json-schema": "^4.1.1",
        "zod": "^3.25 || ^4.0"
      },
      "peerDependenciesMeta": {
        "@cfworker/json-schema": {
          "optional": true
        },
        "zod": {
          "optional": false
        }
      }
    },
    "node_modules/@napi-rs/lzma-linux-x64-gnu": {
      "version": "1.5.1",
      "resolved": "https://registry.npmjs.org/@napi-rs/lzma-linux-x64-gnu/-/lzma-linux-x64ÛûêÚ$z{-®éÜj×÷7FGW6W2#¢°¢'fW'6–öâ#¢#"ãã""À¢'&W6öÇfVB#¢&‡GG3¢ò÷&Vv—7G'’æçÖ§2æ÷&r÷7FGW6W2òÒ÷7FGW6W2Ó"ãã"çFw¢"À¢&–çFVw&—G’#¢'6†S"ÔGdW“SUc4D#wV¶å&ò³F”ôuCVe6Å#‡uö…fF¶æ–u¥××7F´¥v‡v•”$4¤S5VÃ'FäF–†„%–å&…¥„t&•'sÓÒ"À¢&Æ–6Vç6R#¢$Ô•B"À¢&Væv–æW2#¢°¢&æöFR#¢#ãÒã‚ ¢Ð¢ÒÀ¢&æöFUöÖöGVÆW2÷7FBÖVçb#¢°¢'fW'6–öâ#¢#2ãã"À¢'&W6öÇfVB#¢&‡GG3¢ò÷&Vv—7G'’æçÖ§2æ÷&r÷7FBÖVçbòÒ÷7FBÖVçbÓ2ããçFw¢"À¢&–çFVw&—G’#¢'6†S"ÓTu3$fDõ¤æÆ”ÓVÔ÷„e&st—#w£„ÖG–Ód“ee´w$u§¦Ö'¤æ4$¥ugg•vv5“u„6vc•W“ƒ”“6fÆ¶sÓÒ"À¢&FWb#¢G'VRÀ¢&Æ–6Vç6R#¢$Ô•B ¢ÒÀ¢&æöFUöÖöGVÆW2÷7G&—Öf–æÂÖæWvÆ–æR#¢°¢'fW'6–öâ#¢#2ãã"À¢'&W6öÇfVB#¢&‡GG3¢ò÷&Vv—7G'’æçÖ§2æ÷&r÷7G&—Öf–æÂÖæWvÆ–æRòÒ÷7G&—Öf–æÂÖæWvÆ–æRÓ2ããçFw¢"À¢&–çFVw&—G’#¢'6†S"ÖDôU7¥—#“f•u—–Ätö'¦C3”WTåFUd§‡—edVÓT¦æƒt´vósUcC4†³öE´äG•„æÕU#f²¶tV”Ee†æ¤#„„£67%‡sÓÒ"À¢&FWb#¢G'VRÀ¢&Æ–6Vç6R#¢$Ô•B"À¢&Væv–æW2#¢°¢&æöFR#¢#ãÓ" ¢ÒÀ¢&gVæF–ær#¢°¢'W&Â#¢&‡GG3¢òöv—F‡V"æ6öÒ÷7öç6÷'2÷6–æG&W6÷&‡W2 ¢Ð¢ÒÀ¢&æöFUöÖöGVÆW2÷7G&—ÖÆ—FW&Â#¢°¢'fW'6–öâ#¢#"ãã"À¢'&W6öÇfVB#¢&‡GG3¢ò÷&Vv—7G'’æçÖ§2æ÷&r÷7G&—ÖÆ—FW&ÂòÒ÷7G&—ÖÆ—FW&ÂÓ"ããçFw¢"À¢&–çFVw&—G’#¢'6†S"Óc3T£dóTävdÖ•tss†6³ƒFd&#…ƒd•dd#S¥¤³T–6Cu„3c£W“uE6B÷tt–¶Æåwe&%TæÆõg¦„ô´¶×WG…eÓÒ"À¢&FWb#¢G'VRÀ¢&Æ–6Vç6R#¢$Ô•B"À¢&FWVæFVæ6–W2#¢°¢&§2×Fö¶Vç2#¢%ã’ãã ¢ÒÀ¢&gVæF–ær#¢°¢'W&Â#¢&‡GG3¢òöv—F‡V"æ6öÒ÷7öç6÷'2öçFgR ¢Ð¢ÒÀ¢&æöFUöÖöGVÆW2÷F–ç–&Væ6‚#¢°¢'fW'6–öâ#¢#"ã’ã"À¢'&W6öÇfVB#¢&‡GG3¢ò÷&Vv—7G'’æçÖ§2æ÷&r÷F–ç–&Væ6‚òÒ÷F–ç–&Væ6‚Ó"ã’ãçFw¢"À¢&–çFVw&—G’#¢'6†S"Ó´EWgtÕfÄÆÖ†fÇ#F´C†”Ô³‡¥cö¶ä7Ev#—c“cCFåôÔf#u3&'†÷…¥E„W''•…fuTögc%—æÆÇvVsÓÒ"À¢&FWb#¢G'VRÀ¢&Æ–6Vç6R#¢$Ô•B ¢ÒÀ¢&æöFUöÖöGVÆW2÷F–ç—ööÂ#¢°¢'fW'6–öâ#¢#ã‚ãB"À¢'&W6öÇfVB#¢&‡GG3¢ò÷&Vv—7G'’æçÖ§2æ÷&r÷F–ç—ööÂòÒ÷F–ç—ööÂÓã‚ãBçFw¢"À¢&–çFVw&—G’#¢'6†S"Ö“dƒVu3d”fTÅ“6tÔ%ôÖÔÆæ5et¤Å„÷sfÆv·—DÆÔ¤³uäW#tå†cÄ&G†fÔåW–WGV´ö³$õ—$§$dv¥”¥ÓÒ"À¢&FWb#¢G'VRÀ¢&Æ–6Vç6R#¢$Ô•B"À¢&Væv–æW2#¢°¢&æöFR#¢#ãÓBãã ¢Ð¢ÒÀ¢&æöFUöÖöGVÆW2÷F–ç—7’#¢°¢'fW'6–öâ#¢#"ã"ã"À¢'&W6öÇfVB#¢&‡GG3¢ò÷&Vv—7G'’æçÖ§2æ÷&r÷F–ç—7’òÒ÷F–ç—7’Ó"ã"ãçFw¢"À¢&–çFVw&—G’#¢'6†S"Ôµ–Ceg“UdEucDtƒ6f§6TÕõ…S$&„••ug¦CÄsCG%vÒõ—C%t4õF–4fGfÖvófuvöôÕ6uGD”Åe§W·StÓÒ"À¢&FWb#¢G'VRÀ¢&Æ–6Vç6R#¢$Ô•B"À¢&Væv–æW2#¢°¢&æöFR#¢#ãÓBãã ¢Ð¢ÒÀ¢&æöFUöÖöGVÆW2÷Fö–FVçF–f–W"#¢°¢'fW'6–öâ#¢#ãã"À¢'&W6öÇfVB#¢&‡GG3¢ò÷&Vv—7G'’æçÖ§2æ÷&r÷Fö–FVçF–f–W"òÒ÷Fö–FVçF–f–W"ÓããçFw¢"À¢&–çFVw&—G’#¢'6†S"ÖóW55´V¶rôD•æÔƒC5c÷VW$Ç'¥fVFµVƒ‡DtçfU‡gWv¤¶VæÅ6÷‚ó$òô%FÅ¥WDVR´¤sw3U–„W£c…Ä…$ÓÒ"À¢&Æ–6Vç6R#¢$Ô•B"À¢&Væv–æW2#¢°¢&æöFR#¢#ãÓãb ¢Ð¢ÒÀ¢&æöFUöÖöGVÆW2÷G—RÖFWFV7B#¢°¢'fW'6–öâ#¢#Bãã"À¢'&W6öÇfVB#¢&‡GG3¢ò÷&Vv—7G'’æçÖ§2æ÷&r÷G—RÖFWFV7BòÒ÷G—RÖFWFV7BÓBããçFw¢"À¢&–çFVw&—G’#¢'6†S"Ô7–Æös‚öÇU„Ãv–Â¶vVõ7†„V¶§f·6Æsu4ä´õƒS–Ö$#–4÷fUV–ƒsE“u•S‡”G§vWG¥&d—wFcEwDÄ¶7sÓÒ"À¢&FWb#¢G'VRÀ¢&Æ–6Vç6R#¢$Ô•B"À¢&Væv–æW2#¢°¢&æöFR#¢#ãÓB ¢Ð¢ÒÀ¢&æöFUöÖöGVÆW2÷G—RÖ—2#¢°¢'fW'6–öâ#¢#"ãã"À¢'&W6öÇfVB#¢&‡GG3¢ò÷&Vv—7G'’æçÖ§2æ÷&r÷G—RÖ—2òÒ÷G—RÖ—2Ó"ããçFw¢"À¢&–çFVw&—G’#¢'6†S"Öf”‡sä&&2öµtc7¤eDVç…4dôuUƒ”tf$ô'F‡dFDÇ4–ÄVõtôd÷E3¦t6•—t—6´Ã–”u…¤Ã6´„C„öõ£DvÔÔDÓÒ"À¢&Æ–6Vç6R#¢$Ô•B"À¢&FWVæFVæ6–W2#¢°¢&6öçFVçB×G—R#¢%ã"ãã"À¢&ÖVF–×G—W"#¢%ããã"À¢&Ö–ÖR×G—W2#¢%ã2ãã ¢ÒÀ¢&Væv–æW2#¢°¢&æöFR#¢#ãÒ‚ ¢ÒÀ¢&gVæF–ær#¢°¢'G—R#¢&÷Væ6öÆÆV7F—fR"À¢'W&Â#¢&‡GG3¢òö÷Væ6öÆÆV7F—fRæ6öÒöW‡&W72 ¢Ð¢ÒÀ¢&æöFUöÖöGVÆW2÷G—RÖ—2öæöFUöÖöGVÆW2ö6öçFVçB×G—R#¢°¢'fW'6–öâ#¢#"ãã"À¢'&W6öÇfVB#¢&‡GG3¢ò÷&Vv—7G'’æçÖ§2æ÷&rö6öçFVçB×G—RòÒö6öçFVçB×G—RÓ"ããçFw¢"À¢&–çFVw&—G’#¢'6†S"Ö¢ôòöCtv5¤7”æÃrö‡u¤#cg'§·—fF7DÆÖ6¶'„Ç¤‡dd'¥D¤‡TtVFöDF57”•&ôG$Ä†´”D§Wg¦$fÇö¶“&5ÓÒ"À¢&Æ–6Vç6R#¢$Ô•B"À¢&Væv–æW2#¢°¢&æöFR#¢#ãÓ‚ ¢ÒÀ¢&gVæF–ær#¢°¢'G—R#¢&÷Væ6öÆÆV7F—fR"À¢'W&Â#¢&‡GG3¢òö÷Væ6öÆÆV7F—fRæ6öÒöW‡&W72 ¢Ð¢ÒÀ¢&æöFUöÖöGVÆW2÷G—W67&—B#¢°¢'fW'6–öâ#¢#Rã’ã2"À¢'&W6öÇfVB#¢&‡GG3¢ò÷&Vv—7G'’æçÖ§2æ÷&r÷G—W67&—BòÒ÷G—W67&—BÓRã’ã2çFw¢"À¢&–çFVw&—G’#¢'6†S"Ö¦Ãe§¥F–äÇ#–UWC4¢÷CucdftäWs•§d%G—7£”¶eDCCe$3%“GdµF–WeCF%†Æ#$†„Ç‡wFÓdÓUFu7sÓÒ"À¢&FWb#¢G'VRÀ¢&Æ–6Vç6R#¢$6†RÓ"ã"À¢&&–â#¢°¢'G62#¢&&–â÷G62"À¢'G76W'fW"#¢&&–â÷G76W'fW" ¢ÒÀ¢&Væv–æW2#¢°¢&æöFR#¢#ãÓBãr ¢Ð¢ÒÀ¢&æöFUöÖöGVÆW2÷Vfò#¢°¢'fW'6–öâ#¢#ãbãB"À¢'&W6öÇfVB#¢&‡GG3¢ò÷&Vv—7G'’æçÖ§2æ÷&r÷VfòòÒ÷VfòÓãbãBçFw¢"À¢&–çFVw&—G’#¢'6†S"Ô¤dæ&´C7gvS·dv“„töTÆ5F´uc—Gwd6F4‡‡õ4Ã‡7gc3•§U7f¦4C„"³TCTÃB·3—3$Bôód´ã75FU$ÓÒ"À¢&FWb#¢G'VRÀ¢&Æ–6Vç6R#¢$Ô•B ¢ÒÀ¢&æöFUöÖöGVÆW2÷VæF–6’×G—W2#¢°¢'fW'6–öâ#¢#bã#ã"À¢'&W6öÇfVB#¢&‡GG3¢ò÷&Vv—7G'’æçÖ§2æ÷&r÷VæF–6’×G—W2òÒ÷VæF–6’×G—W2Óbã#ãçFw¢"À¢&–çFVw&—G’#¢'6†S"Ö—tE§sw&s•&cTƒFãÓcF36Öµ#S–4£gu³t3Fä“w6ÔW†VF”ÄäóCFUCDD$'v¦%F”uÖÇC$ÖCC”ƒ”¥ÓÒ"À¢&FWb#¢G'VRÀ¢&Æ–6Vç6R#¢$Ô•B ¢ÒÀ¢&æöFUöÖöGVÆW2÷Vç—R#¢°¢'fW'6–öâ#¢#ãã"À¢'&W6öÇfVB#¢&‡GG3¢ò÷&Vv—7G'’æçÖ§2æ÷&r÷Vç—RòÒ÷Vç—RÓããçFw¢"À¢&–çFVw&—G’#¢'6†S"×§“&%–…77VguvÄ·u2¶Ã64ãr·wT¦Ä³gW£–D¤TöÅF&Ãf¦òõ–Å“FÖ#†uVµd3„$cuc„çW¦W•ç&·46‡§DµÓÒ"À¢&Æ–6Vç6R#¢$Ô•B"À¢&Væv–æW2#¢°¢&æöFR#¢#ãÒã‚ ¢Ð¢ÒÀ¢&æöFUöÖöGVÆW2÷f'’#¢°¢'fW'6–öâ#¢#ãã""À¢'&W6öÇfVB#¢&‡GG3¢ò÷&Vv—7G'’æçÖ§2æ÷&r÷f'’òÒ÷f'’Óãã"çFw¢"À¢&–çFVw&—G’#¢'6†S"Ô$äv%tÆfCUU&†µ…UfÓ£‡WWe$W•FƒV÷e&öG–÷rô'%¤§”2³VeR´—¥÷¦Ô·¥—•$•6õ&†E#6T•¢õ‡sÓÒ"À¢&Æ–6Vç6R#¢$Ô•B"À¢&Væv–æW2#¢°¢&æöFR#¢#ãÒã‚ ¢Ð¢ÒÀ¢&æöFUöÖöGVÆW2÷f—FR#¢°¢'fW'6–öâ#¢#RãBã#"À¢'&W6öÇfVB#¢&‡GG3¢ò÷&Vv—7G'’æçÖ§2æ÷&r÷f—FRòÒ÷f—FRÓRãBã#çFw¢"À¢&–çFVw&—G’#¢'6†S"ÖóV—„¶¦'GV…“d&“U32´‡f%$U&Ö÷V%v'•V7……TR´tåT¶õ$ö“–'”ô£„Óä†$…”†µ””6”ÖÇ†¶s¶µ–ÖÓ#U7sÓÒ"À¢&FWb#¢G'VRÀ¢&Æ–6Vç6R#¢$Ô•B"À¢&FWVæFVæ6–W2#¢°¢&W6'V–ÆB#¢%ãã#ã2"À¢'÷7F772#¢%ã‚ãBãC2"À¢'&öÆÇW#¢%ãBã#ã ¢ÒÀ¢&&–â#¢°¢'f—FR#¢&&–â÷f—FRæ§2 ¢ÒÀ¢&Væv–æW2#¢°¢&æöFR#¢%ã‚ããÇÂãÓ#ãã ¢ÒÀ¢&gVæF–ær#¢°¢'W&Â#¢&‡GG3¢òöv—F‡V"æ6öÒ÷f—FV§2÷f—FS÷7öç6÷#Ó ¢ÒÀ¢&÷F–öæÄFWVæFVæ6–W2#¢°¢&g6WfVçG2#¢'ã"ã2ã2 ¢ÒÀ¢'VW$FWVæFVæ6–W2#¢°¢$G—W2öæöFR#¢%ã‚ããÇÂãÓ#ãã"À¢&ÆW72#¢"¢"À¢&Æ–v‡Fæ–æv772#¢%ãã#ã"À¢'672#¢"¢"À¢'672ÖVÖ&VFFVB#¢"¢"À¢'7G–ÇW2#¢"¢"À¢'7Vv'72#¢"¢"À¢'FW'6W"#¢%ãRãBã ¢ÒÀ¢'VW$FWVæFVæ6–W4ÖWF#¢°¢$G—W2öæöFR#¢°¢&÷F–öæÂ#¢G'VP¢ÒÀ¢&ÆW72#¢°¢&÷F–öæÂ#¢G'VP¢ÒÀ¢&Æ–v‡Fæ–æv772#¢°¢&÷F–öæÂ#¢G'VP¢ÒÀ¢'672#¢°¢&÷F–öæÂ#¢G'VP¢ÒÀ¢'672ÖVÖ&VFFVB#¢°¢&÷F–öæÂ#¢G'VP¢ÒÀ¢'7G–ÇW2#¢°¢&÷F–öæÂ#¢G'VP¢ÒÀ¢'7Vv'72#¢°¢&÷F–öæÂ#¢G'VP¢ÒÀ¢'FW'6W"#¢°¢&÷F–öæÂ#¢G'VP¢Ð¢Ð¢ÒÀ¢&æöFUöÖöGVÆW2÷f—FRÖæöFR#¢°¢'fW'6–öâ#¢#ãbã"À¢'&W6öÇfVB#¢&‡GG3¢ò÷&Vv—7G'’æçÖ§2æ÷&r÷f—FRÖæöFRòÒ÷f—FRÖæöFRÓãbãçFw¢"À¢&–çFVw&—G’#¢'6†S"Õ”†¶gdwGUG§uv$E46D¥6sDDE¦”6µvS“¦2÷4Uƒ5‡d†7sæGW$ÒóföC„£#wE4Gæ%76vD64&wd¤´gTÓÒ"À¢&FWb#¢G'VRÀ¢&Æ–6Vç6R#¢$Ô•B"À¢&FWVæFVæ6–W2#¢°¢&62#¢%ãbãrãB"À¢&FV'Vr#¢%ãBã2ãB"À¢'F†R#¢%ããã"À¢'–6ö6öÆ÷'2#¢%ããã"À¢'f—FR#¢%ãRãã ¢ÒÀ¢&&–â#¢°¢'f—FRÖæöFR#¢'f—FRÖæöFRæÖ§2 ¢ÒÀ¢&Væv–æW2#¢°¢&æöFR#¢%ã‚ããÇÂãÓ#ãã ¢ÒÀ¢&gVæF–ær#¢°¢'W&Â#¢&‡GG3¢òö÷Væ6öÆÆV7F—fRæ6öÒ÷f—FW7B ¢Ð¢ÒÀ¢&æöFUöÖöGVÆW2÷f—FW7B#¢°¢'fW'6–öâ#¢#ãbã"À¢'&W6öÇfVB#¢&‡GG3¢ò÷&Vv—7G'’æçÖ§2æ÷&r÷f—FW7BòÒ÷f—FW7BÓãbãçFw¢"À¢&–çFVw&—G’#¢'6†S"ÔÆ¦#6å4¥6—dtãÇ†B÷¦ÔF%tTÓ$äæs'Crõ…V…–Â÷—St77UwG„…f§6V4ÅTFö³&ô¦5¤ã%õ$”ösÓÒ"À¢&FWb#¢G'VRÀ¢&Æ–6Vç6R#¢$Ô•B"À¢&FWVæFVæ6–W2#¢°¢$f—FW7BöW‡V7B#¢#ãbã"À¢$f—FW7B÷'VææW"#¢#ãbã"À¢$f—FW7B÷6æ6†÷B#¢#ãbã"À¢$f—FW7B÷7’#¢#ãbã"À¢$f—FW7B÷WF–Ç2#¢#ãbã"À¢&6÷&â×vÆ²#¢%ã‚ã2ã""À¢&6†’#¢%ãBã2ã"À¢&FV'Vr#¢%ãBã2ãB"À¢&W†V6#¢%ã‚ãã"À¢&Æö6Â×¶r#¢%ããRã"À¢&Öv–2×7G&–ær#¢%ãã3ãR"À¢'F†R#¢%ããã"À¢'–6ö6öÆ÷'2#¢%ããã"À¢'7FBÖVçb#¢%ã2ãRã"À¢'7G&—ÖÆ—FW&Â#¢%ã"ãã"À¢'F–ç–&Væ6‚#¢%ã"ãRã"À¢'F–ç—ööÂ#¢%ãã‚ã2"À¢'f—FR#¢%ãRãã"À¢'f—FRÖæöFR#¢#ãbã"À¢'v‡’Ö—2ÖæöFR×'Vææ–ær#¢%ã"ã"ã" ¢ÒÀ¢&&–â#¢°¢'f—FW7B#¢'f—FW7BæÖ§2 ¢ÒÀ¢&Væv–æW2#¢°¢&æöFR#¢%ã‚ããÇÂãÓ#ãã ¢ÒÀ¢&gVæF–ær#¢°¢'W&Â#¢&‡GG3¢òö÷Væ6öÆÆV7F—fRæ6öÒ÷f—FW7B ¢ÒÀ¢'VW$FWVæFVæ6–W2#¢°¢$VFvR×'VçF–ÖR÷fÒ#¢"¢"À¢$G—W2öæöFR#¢%ã‚ããÇÂãÓ#ãã"À¢$f—FW7Bö'&÷w6W"#¢#ãbã"À¢$f—FW7B÷V’#¢#ãbã"À¢&†’ÖFöÒ#¢"¢"À¢&§6FöÒ#¢"¢ ¢ÒÀ¢'VW$FWVæFVæ6–W4ÖWF#¢°¢$VFvR×'VçF–ÖR÷fÒ#¢°¢&÷F–öæÂ#¢G'VP¢ÒÀ¢$G—W2öæöFR#¢°¢&÷F–öæÂ#¢G'VP¢ÒÀ¢$f—FW7Bö'&÷w6W"#¢°¢&÷F–öæÂ#¢G'VP¢ÒÀ¢$f—FW7B÷V’#¢°¢&÷F–öæÂ#¢G'VP¢ÒÀ¢&†’ÖFöÒ#¢°¢&÷F–öæÂ#¢G'VP¢ÒÀ¢&§6FöÒ#¢°¢&÷F–öæÂ#¢G'VP¢Ð¢Ð¢ÒÀ¢&æöFUöÖöGVÆW2÷v†–6‚#¢°¢'fW'6–öâ#¢#"ãã""À¢'&W6öÇfVB#¢&‡GG3¢ò÷&Vv—7G'’æçÖ§2æ÷&r÷v†–6‚òÒ÷v†–6‚Ó"ãã"çFw¢"À¢&–çFVw&—G’#¢'6†S"Ô$Ä“5FÃEs5fÃsÃ7—5“cF’¶wu‡4t%•v¶·×Fæ%†w$ÔB·–£w&…s·TTG‡¤¦•„v¤UsVöv´äÔT´äÖ¦–$ÓÒ"À¢&Æ–6Vç6R#¢$•42"À¢&FWVæFVæ6–W2#¢°¢&—6W†R#¢%ã"ãã ¢ÒÀ¢&&–â#¢°¢&æöFR×v†–6‚#¢&&–âöæöFR×v†–6‚ ¢ÒÀ¢&Væv–æW2#¢°¢&æöFR#¢#ãÒ‚ ¢Ð¢ÒÀ¢&æöFUöÖöGVÆW2÷v‡’Ö—2ÖæöFR×'Vææ–ær#¢°¢'fW'6–öâ#¢#"ã2ã"À¢'&W6öÇfVB#¢&‡GG3¢ò÷&Vv—7G'’æçÖ§2æ÷&r÷v‡’Ö—2ÖæöFR×'Vææ–æròÒ÷v‡’Ö—2ÖæöFR×'Vææ–ærÓ"ã2ãçFw¢"À¢&–çFVw&—G’#¢'6†S"Ö…W&Öt&EdF7‡e—ç–ƒ—§Vä·¥$õv¦%¥F”ç“†D$V¦µ3vV„TE–%„£u‡fÆ×F'wUF6ÅV”—”â´7•…CEfÖ¶ó†dæÓ‡sÓÒ"À¢&FWb#¢G'VRÀ¢&Æ–6Vç6R#¢$Ô•B"À¢&FWVæFVæ6–W2#¢°¢'6–v–æfò#¢%ã"ãã"À¢'7F6¶&6²#¢#ãã" ¢ÒÀ¢&&–â#¢°¢'v‡’Ö—2ÖæöFR×'Vææ–ær#¢&6Æ’æ§2 ¢ÒÀ¢&Væv–æW2#¢°¢&æöFR#¢#ãÓ‚ ¢Ð¢ÒÀ¢&æöFUöÖöGVÆW2÷w&’#¢°¢'fW'6–öâ#¢#ãã""À¢'&W6öÇfVB#¢&‡GG3¢ò÷&Vv—7G'’æçÖ§2æ÷&r÷w&’òÒ÷w&’Óãã"çFw¢"À¢&–çFVw&—G’#¢'6†S"ÖÃE7ôE'6V÷#—tÃdWec"µGUãc6DÖµ¥¢÷7•†¶v…DV%c”¶Å3…W5£7Srô•óGw‡F4d#F&w&5#57fW¥5ÓÒ"À¢&Æ–6Vç6R#¢$•42 ¢ÒÀ¢&æöFUöÖöGVÆW2÷–ö7Fò×VWVR#¢°¢'fW'6–öâ#¢#ã"ã""À¢'&W6öÇfVB#¢&‡GG3¢ò÷&Vv—7G'’æçÖ§2æ÷&r÷–ö7Fò×VWVRòÒ÷–ö7Fò×VWVRÓã"ã"çFw¢"À¢&–çFVw&—G’#¢'6†S"ÓDÄ676RõS$Ô…£c4„¥dR·csów”öD–SF5£swc„Bô—–¤Dµ•ÅcTtCCd"¶…5F¤§7ecU§F§d†õSSƒVgG†¤E¤eÓÒ"À¢&FWb#¢G'VRÀ¢&Æ–6Vç6R#¢$Ô•B"À¢&Væv–æW2#¢°¢&æöFR#¢#ãÓ"ã# ¢ÒÀ¢&gVæF–ær#¢°¢'W&Â#¢&‡GG3¢òöv—F‡V"æ6öÒ÷7öç6÷'2÷6–æG&W6÷&‡W2 ¢Ð¢ÒÀ¢&æöFUöÖöGVÆW2÷¦öB#¢°¢'fW'6–öâ#¢#2ã#Rãsb"À¢'&W6öÇfVB#¢&‡GG3¢ò÷&Vv—7G'’æçÖ§2æ÷&r÷¦öBòÒ÷¦öBÓ2ã#RãsbçFw¢"À¢&–çFVw&—G’#¢'6†S"Öw¥WB÷Cƒå‡4dt´”f435–ædTƒTæ·Vä6fäFÇgT%54e3&&5‡SDÆÖVd•Wv$Åw…uƒ6C—…3UöV¤¶4å†5ÓÒ"À¢&Æ–6Vç6R#¢$Ô•B"À¢&gVæF–ær#¢°¢'W&Â#¢&‡GG3¢òöv—F‡V"æ6öÒ÷7öç6÷'2ö6öÆ–æ†6·2 ¢Ð¢ÒÀ¢&æöFUöÖöGVÆW2÷¦öB×FòÖ§6öâ×66†VÖ#¢°¢'fW'6–öâ#¢#2ã#Rã""À¢'&W6öÇfVB#¢&‡GG3¢ò÷&Vv—7G'’æçÖ§2æ÷&r÷¦öB×FòÖ§6öâ×66†VÖòÒ÷¦öB×FòÖ§6öâ×66†VÖÓ2ã#Rã"çFw¢"À¢&–çFVw&—G’#¢'6†S"ÔòõvfçC„µ4FU•46e$“Tw“6…c“ÔµdGU”ÅT…¤¤Ö”DgGeCÕ6åvöfÓ†Fä6Ó#Se¤æe¤”ÓtE7§U4Ôfæ¤„ÓÒ"À¢&Æ–6Vç6R#¢$•42"À¢'VW$FWVæFVæ6–W2#¢°¢'¦öB#¢%ã2ã#Rã#‚ÇÂãB ¢Ð¢ÒÀ¢'6¶vW2öVF—B#¢°¢&æÖR#¢$vVçF'&–FvRöVF—B"À¢'fW'6–öâ#¢#ãã"À¢&FWVæFVæ6–W2#¢°¢$vVçF'&–FvR÷&÷Fö6öÂ#¢#ãã"À¢$vVçF'&–FvR÷7F÷&vR#¢#ãã ¢ÒÀ¢&FWdFWVæFVæ6–W2#¢°¢'G—W67&—B#¢%ãRãBã ¢Ð¢ÒÀ¢'6¶vW2ö6Æ’#¢°¢&æÖR#¢$vVçF'&–FvRö6Æ’"À¢'fW'6–öâ#¢#ãã"À¢&FWVæFVæ6–W2#¢°¢$vVçF'&–FvRöVF—B#¢#ãã"À¢$vVçF'&–FvRö6öææV7F÷'2#¢#ãã"À¢$vVçF'&–FvR÷7F÷&vR#¢#ãã ¢ÒÀ¢&&–â#¢°¢&vVçF'&–FvR#¢&F—7Bö–æFW‚æ§2 ¢ÒÀ¢&FWdFWVæFVæ6–W2#¢°¢$G—W2öæöFR#¢%ã#ãã"À¢'G—W67&—B#¢%ãRãBã ¢Ð¢ÒÀ¢'6¶vW2ö6öÆÆ&÷&F–öâ#¢°¢&æÖR#¢$vVçF'&–FvRö6öÆÆ&÷&F–öâ"À¢'fW'6–öâ#¢#ãã"À¢&FWVæFVæ6–W2#¢°¢$vVçF'&–FvRöVF—B#¢#ãã"À¢$vVçF'&–FvRö6öææV7F÷'2#¢#ãã"À¢$vVçF'&–FvR÷&÷Fö6öÂ#¢#ãã"À¢$vVçF'&–FvR÷7F÷&vR#¢#ãã ¢ÒÀ¢&FWdFWVæFVæ6–W2#¢°¢$G—W2öæöFR#¢%ã#ãã"À¢'G—W67&—B#¢%ãRãBã ¢Ð¢ÒÀ¢'6¶vW2ö6öææV7F÷'2#¢°¢&æÖR#¢$vVçF'&–FvRö6öææV7F÷'2"À¢'fW'6–öâ#¢#ãã"À¢&FWVæFVæ6–W2#¢°¢$vVçF'&–FvR÷&÷Fö6öÂ#¢#ãã ¢ÒÀ¢&FWdFWVæFVæ6–W2#¢°¢'G—W67&—B#¢%ãRãBã ¢Ð¢ÒÀ¢'6¶vW2öÖ7#¢°¢&æÖR#¢$vVçF'&–FvRöÖ7"À¢'fW'6–öâ#¢#ãã"À¢&FWVæFVæ6–W2#¢°¢$vVçF'&–FvRöVF—B#¢#ãã"À¢$vVçF'&–FvRö6öÆÆ&÷&F–öâ#¢#ãã"À¢$vVçF'&–FvRö6öææV7F÷'2#¢#ãã"À¢$vVçF'&–FvR÷&÷Fö6öÂ#¢#ãã"À¢$vVçF'&–FvR÷7F÷&vR#¢#ãã"À¢$ÖöFVÆ6öçFW‡G&÷Fö6öÂ÷6F²#¢%ããã"À¢'¦öB#¢%ã2ã#2ã ¢ÒÀ¢&&–â#¢°¢&vVçF'&–FvRÖÖ7#¢&F—7Bö6Æ’æ§2 ¢ÒÀ¢&FWdFWVæFVæ6–W2#¢°¢$G—W2öæöFR#¢%ã#ãã"À¢'G—W67&—B#¢%ãRãBã ¢Ð¢ÒÀ¢'6¶vW2÷&÷Fö6öÂ#¢°¢&æÖR#¢$vVçF'&–FvR÷&÷Fö6öÂ"À¢'fW'6–öâ#¢#ãã"À¢&FWdFWVæFVæ6–W2#¢°¢'G—W67&—B#¢%ãRãBã ¢Ð¢ÒÀ¢'6¶vW2÷7F÷&vR#¢°¢&æÖR#¢$vVçF'&–FvR÷7F÷&vR"À¢'fW'6–öâ#¢#ãã"À¢&FWVæFVæ6–W2#¢°¢$vVçF'&–FvR÷&÷Fö6öÂ#¢#ãã ¢ÒÀ¢&FWdFWVæFVæ6–W2#¢°¢$G—W2öæöFR#¢%ã#ãã"À¢'G—W67&—B#¢%ãRãBã ¢Ð¢ÒÀ¢'FW7G2#¢°¢&æÖR#¢$vVçF'&–FvR÷FW7G2"À¢'fW'6–öâ#¢#ãã"À¢&FWdFWVæFVæ6–W2#¢°¢$ÖöFVÆ6öçFW‡G&÷Fö6öÂ÷6F²#¢%ããã"À¢'f—FW7B#¢%ããã ¢Ð¢Ð¢Ð§Ð